
Microsoft Visual Studio Solution File, Format Version 12.00
# Visual Studio 14
VisualStudioVersion = 14.0.25420.1
MinimumVisualStudioVersion = 10.0.40219.1
Project("{FAE04EC0-301F-11D3-BF4B-00C04F79EFBC}") = "RainbowItemsCodeGenerator", "RainbowItemsCodeGenerator\RainbowItemsCodeGenerator.csproj", "{EFBE6D23-2336-4247-9C6F-524465A43276}"
EndProject
Project("{FAE04EC0-301F-11D3-BF4B-00C04F79EFBC}") = "RainbowItemsCodeGenerator.Test", "RainbowItemsCodeGenerator.Test\RainbowItemsCodeGenerator.Test.csproj", "{55C59772-7110-455C-9561-52CE3F93DA32}"
EndProject
Global
	GlobalSection(SolutionConfigurationPlatforms) = preSolution
		Debug|Any CPU = Debug|Any CPU
		Release|Any CPU = Release|Any CPU
	EndGlobalSection
	GlobalSection(ProjectConfigurationPlatforms) = postSolution
		{EFBE6D23-2336-4247-9C6F-524465A43276}.Debug|Any CPU.ActiveCfg = Debug|Any CPU
		{EFBE6D23-2336-4247-9C6F-524465A43276}.Debug|Any CPU.Build.0 = Debug|Any CPU
		{EFBE6D23-2336-4247-9C6F-524465A43276}.Release|Any CPU.ActiveCfg = Release|Any CPU
		{EFBE6D23-2336-4247-9C6F-524465A43276}.Release|Any CPU.Build.0 = Release|Any CPU
		{55C59772-7110-455C-9561-52CE3F93DA32}.Debug|Any CPU.ActiveCfg = Debug|Any CPU
		{55C59772-7110-455C-9561-52CE3F93DA32}.Debug|Any CPU.Build.0 = Debug|Any CPU
		{55C59772-7110-455C-9561-52CE3F93DA32}.Release|Any CPU.ActiveCfg = Release|Any CPU
		{55C59772-7110-455C-9561-52CE3F93DA32}.Release|Any CPU.Build.0 = Release|Any CPU
	EndGlobalSection
	GlobalSection(SolutionProperties) = preSolution
		HideSolutionNode = FALSE
	EndGlobalSection
EndGlobal
